{
  "nodes": {
    "gumbo": {
      "inputs": {
        "nixpkgs": [
          "nixpkgs"
        ]
      },
      "locked": {
        "lastModified": 1786249093,
        "narHash": "sha256-QJU+lF9HgHCrOQ+uPbSoycaCfleaxyWOcyOAkhT3QnM=",
        "owner": "kurisu-agent",
        "repo": "gumbo",
        "rev": "40d11538e3887091a139183ddc0506079ba919af",
        "type": "github"
      },
      "original": {
        "owner": "kurisu-agent",
        "repo": "gumbo",
        "type": "github"
      }
    },
    "nixpkgs": {
      "locked": {
        "lastModified": 1779560665,
        "narHash": "sha256-tpyBcxPpcQb8ukyNF7DoCwfSY3VPsxHoYwj00Cayv5o=",
        "owner": "NixOS",
        "repo": "nixpkgs",
        "rev": "64c08a7ca051951c8eae34e3e3cb1e202fe36786",
        "type": "github"
      },
      "original": {
        "owner": "NixOS",
        "ref": "nixos-unstable",
        "repo": "nixpkgs",
        "type": "github"
      }
    },
    "root": {
      "inputs": {
        "gumbo": "gumbo",
        "nixpkgs": "nixpkgs"
      }
    }
  },
  "root": "root",
  "version": 7
}
