{
  "nodes": {
    "gumbo": {
      "inputs": {
        "nixpkgs": [
          "nixpkgs"
        ]
      },
      "locked": {
        "lastModified": 1786208179,
        "narHash": "sha256-xn905hB8TF3T9Ow4DWiQfkBPRpWXttSRiAo5Rq1TfUQ=",
        "owner": "kurisu-agent",
        "repo": "gumbo",
        "rev": "076f322071c83015905e99d6310e23cdc64fcb7e",
        "type": "github"
      },
      "original": {
        "owner": "kurisu-agent",
        "repo": "gumbo",
        "type": "github"
      }
    },
    "nixpkgs": {
      "locked": {
        "lastModified": 1779560665,
        "narHash": "sha256-tpyBcxPpcQb8ukyNF7DoCwfSY3VPsxHoYwj00Cayv5o=",
        "owner": "NixOS",
        "repo": "nixpkgs",
        "rev": "64c08a7ca051951c8eae34e3e3cb1e202fe36786",
        "type": "github"
      },
      "original": {
        "owner": "NixOS",
        "ref": "nixos-unstable",
        "repo": "nixpkgs",
        "type": "github"
      }
    },
    "root": {
      "inputs": {
        "gumbo": "gumbo",
        "nixpkgs": "nixpkgs"
      }
    }
  },
  "root": "root",
  "version": 7
}
