{
  "nodes": {
    "gumbo": {
      "inputs": {
        "nixpkgs": [
          "nixpkgs"
        ]
      },
      "locked": {
        "lastModified": 1786215025,
        "narHash": "sha256-BRM+HYnB6/W2SZabdzZLg7/kzIhp3pM83vHCgFpZU60=",
        "owner": "kurisu-agent",
        "repo": "gumbo",
        "rev": "e5bd5d0b5d285c945dfc5dc1028604320d7bc6a4",
        "type": "github"
      },
      "original": {
        "owner": "kurisu-agent",
        "repo": "gumbo",
        "type": "github"
      }
    },
    "nixpkgs": {
      "locked": {
        "lastModified": 1779560665,
        "narHash": "sha256-tpyBcxPpcQb8ukyNF7DoCwfSY3VPsxHoYwj00Cayv5o=",
        "owner": "NixOS",
        "repo": "nixpkgs",
        "rev": "64c08a7ca051951c8eae34e3e3cb1e202fe36786",
        "type": "github"
      },
      "original": {
        "owner": "NixOS",
        "ref": "nixos-unstable",
        "repo": "nixpkgs",
        "type": "github"
      }
    },
    "root": {
      "inputs": {
        "gumbo": "gumbo",
        "nixpkgs": "nixpkgs"
      }
    }
  },
  "root": "root",
  "version": 7
}
